// !$*UTF8*$!
{
	archiveVersion = 1;
	classes = {
	};
	objectVersion = 50;
	objects = {

/* Begin PBXBuildFile section */
		541FFCE721ABAC7200387259 /* AppDelegate.swift in Sources */ = {isa = PBXBuildFile; fileRef = 541FFCE621ABAC7200387259 /* AppDelegate.swift */; };
		541FFCE921ABAC7200387259 /* DocumentBrowserViewController.swift in Sources */ = {isa = PBXBuildFile; fileRef = 541FFCE821ABAC7200387259 /* DocumentBrowserViewController.swift */; };
		541FFCED21ABAC7200387259 /* EmojiArtDocument.swift in Sources */ = {isa = PBXBuildFile; fileRef = 541FFCEC21ABAC7200387259 /* EmojiArtDocument.swift */; };
		541FFCF021ABAC7200387259 /* Main.storyboard in Resources */ = {isa = PBXBuildFile; fileRef = 541FFCEE21ABAC7200387259 /* Main.storyboard */; };
		541FFCF221ABAC7400387259 /* Assets.xcassets in Resources */ = {isa = PBXBuildFile; fileRef = 541FFCF121ABAC7400387259 /* Assets.xcassets */; };
		541FFCF521ABAC7400387259 /* LaunchScreen.storyboard in Resources */ = {isa = PBXBuildFile; fileRef = 541FFCF321ABAC7400387259 /* LaunchScreen.storyboard */; };
		541FFD0421ABAE3E00387259 /* EmojiArtViewController.swift in Sources */ = {isa = PBXBuildFile; fileRef = 541FFCFD21ABAE3D00387259 /* EmojiArtViewController.swift */; };
		541FFD0521ABAE3E00387259 /* EmojiCollectionViewCell.swift in Sources */ = {isa = PBXBuildFile; fileRef = 541FFCFE21ABAE3D00387259 /* EmojiCollectionViewCell.swift */; };
		541FFD0621ABAE3E00387259 /* EmojiArt.swift in Sources */ = {isa = PBXBuildFile; fileRef = 541FFCFF21ABAE3D00387259 /* EmojiArt.swift */; };
		541FFD0721ABAE3E00387259 /* TextFieldCollectionViewCell.swift in Sources */ = {isa = PBXBuildFile; fileRef = 541FFD0021ABAE3E00387259 /* TextFieldCollectionViewCell.swift */; };
		541FFD0821ABAE3E00387259 /* EmojiArtView+Gestures.swift in Sources */ = {isa = PBXBuildFile; fileRef = 541FFD0121ABAE3E00387259 /* EmojiArtView+Gestures.swift */; };
		541FFD0921ABAE3E00387259 /* EmojiArtView.swift in Sources */ = {isa = PBXBuildFile; fileRef = 541FFD0221ABAE3E00387259 /* EmojiArtView.swift */; };
		541FFD0A21ABAE3E00387259 /* Utilities.swift in Sources */ = {isa = PBXBuildFile; fileRef = 541FFD0321ABAE3E00387259 /* Utilities.swift */; };
/* End PBXBuildFile section */

/* Begin PBXFileReference section */
		541FFCE321ABAC7200387259 /* EmojiArt-Document based.app */ = {isa = PBXFileReference; explicitFileType = wrapper.application; includeInIndex = 0; path = "EmojiArt-Document based.app"; sourceTree = BUILT_PRODUCTS_DIR; };
		541FFCE621ABAC7200387259 /* AppDelegate.swift */ = {isa = PBXFileReference; lastKnownFileType = sourcecode.swift; path = AppDelegate.swift; sourceTree = "<group>"; };
		541FFCE821ABAC7200387259 /* DocumentBrowserViewController.swift */ = {isa = PBXFileReference; lastKnownFileType = sourcecode.swift; path = DocumentBrowserViewController.swift; sourceTree = "<group>"; };
		541FFCEC21ABAC7200387259 /* EmojiArtDocument.swift */ = {isa = PBXFileReference; lastKnownFileType = sourcecode.swift; path = EmojiArtDocument.swift; sourceTree = "<group>"; };
		541FFCEF21ABAC7200387259 /* Base */ = {isa = PBXFileReference; lastKnownFileType = file.storyboard; name = Base; path = Base.lproj/Main.storyboard; sourceTree = "<group>"; };
		541FFCF121ABAC7400387259 /* Assets.xcassets */ = {isa = PBXFileReference; lastKnownFileType = folder.assetcatalog; path = Assets.xcassets; sourceTree = "<group>"; };
		541FFCF421ABAC7400387259 /* Base */ = {isa = PBXFileReference; lastKnownFileType = file.storyboard; name = Base; path = Base.lproj/LaunchScreen.storyboard; sourceTree = "<group>"; };
		541FFCF621ABAC7400387259 /* Info.plist */ = {isa = PBXFileReference; lastKnownFileType = text.plist.xml; path = Info.plist; sourceTree = "<group>"; };
		541FFCFD21ABAE3D00387259 /* EmojiArtViewController.swift */ = {isa = PBXFileReference; fileEncoding = 4; lastKnownFileType = sourcecode.swift; path = EmojiArtViewController.swift; sourceTree = "<group>"; };
		541FFCFE21ABAE3D00387259 /* EmojiCollectionViewCell.swift */ = {isa = PBXFileReference; fileEncoding = 4; lastKnownFileType = sourcecode.swift; path = EmojiCollectionViewCell.swift; sourceTree = "<group>"; };
		541FFCFF21ABAE3D00387259 /* EmojiArt.swift */ = {isa = PBXFileReference; fileEncoding = 4; lastKnownFileType = sourcecode.swift; path = EmojiArt.swift; sourceTree = "<group>"; };
		541FFD0021ABAE3E00387259 /* TextFieldCollectionViewCell.swift */ = {isa = PBXFileReference; fileEncoding = 4; lastKnownFileType = sourcecode.swift; path = TextFieldCollectionViewCell.swift; sourceTree = "<group>"; };
		541FFD0121ABAE3E00387259 /* EmojiArtView+Gestures.swift */ = {isa = PBXFileReference; fileEncoding = 4; lastKnownFileType = sourcecode.swift; path = "EmojiArtView+Gestures.swift"; sourceTree = "<group>"; };
		541FFD0221ABAE3E00387259 /* EmojiArtView.swift */ = {isa = PBXFileReference; fileEncoding = 4; lastKnownFileType = sourcecode.swift; path = EmojiArtView.swift; sourceTree = "<group>"; };
		541FFD0321ABAE3E00387259 /* Utilities.swift */ = {isa = PBXFileReference; fileEncoding = 4; lastKnownFileType = sourcecode.swift; path = Utilities.swift; sourceTree = "<group>"; };
/* End PBXFileReference section */

/* Begin PBXFrameworksBuildPhase section */
		541FFCE021ABAC7200387259 /* Frameworks */ = {
			isa = PBXFrameworksBuildPhase;
			buildActionMask = 2147483647;
			files = (
			);
			runOnlyForDeploymentPostprocessing = 0;
		};
/* End PBXFrameworksBuildPhase section */

/* Begin PBXGroup section */
		541FFCDA21ABAC7200387259 = {
			isa = PBXGroup;
			children = (
				541FFCE521ABAC7200387259 /* EmojiArt-Document based */,
				541FFCE421ABAC7200387259 /* Products */,
			);
			sourceTree = "<group>";
		};
		541FFCE421ABAC7200387259 /* Products */ = {
			isa = PBXGroup;
			children = (
				541FFCE321ABAC7200387259 /* EmojiArt-Document based.app */,
			);
			name = Products;
			sourceTree = "<group>";
		};
		541FFCE521ABAC7200387259 /* EmojiArt-Document based */ = {
			isa = PBXGroup;
			children = (
				541FFCE821ABAC7200387259 /* DocumentBrowserViewController.swift */,
				541FFCEC21ABAC7200387259 /* EmojiArtDocument.swift */,
				541FFCFF21ABAE3D00387259 /* EmojiArt.swift */,
				541FFD0221ABAE3E00387259 /* EmojiArtView.swift */,
				541FFD0121ABAE3E00387259 /* EmojiArtView+Gestures.swift */,
				541FFCFD21ABAE3D00387259 /* EmojiArtViewController.swift */,
				541FFCFE21ABAE3D00387259 /* EmojiCollectionViewCell.swift */,
				541FFD0021ABAE3E00387259 /* TextFieldCollectionViewCell.swift */,
				541FFD0321ABAE3E00387259 /* Utilities.swift */,
				541FFCEE21ABAC7200387259 /* Main.storyboard */,
				541FFCFC21ABAC8C00387259 /* Supporting Files */,
				541FFCF621ABAC7400387259 /* Info.plist */,
			);
			path = "EmojiArt-Document based";
			sourceTree = "<group>";
		};
		541FFCFC21ABAC8C00387259 /* Supporting Files */ = {
			isa = PBXGroup;
			children = (
				541FFCE621ABAC7200387259 /* AppDelegate.swift */,
				541FFCF321ABAC7400387259 /* LaunchScreen.storyboard */,
				541FFCF121ABAC7400387259 /* Assets.xcassets */,
			);
			path = "Supporting Files";
			sourceTree = "<group>";
		};
/* End PBXGroup section */

/* Begin PBXNativeTarget section */
		541FFCE221ABAC7200387259 /* EmojiArt-Document based */ = {
			isa = PBXNativeTarget;
			buildConfigurationList = 541FFCF921ABAC7400387259 /* Build configuration list for PBXNativeTarget "EmojiArt-Document based" */;
			buildPhases = (
				541FFCDF21ABAC7200387259 /* Sources */,
				541FFCE021ABAC7200387259 /* Frameworks */,
				541FFCE121ABAC7200387259 /* Resources */,
			);
			buildRules = (
			);
			dependencies = (
			);
			name = "EmojiArt-Document based";
			productName = "EmojiArt-Document based";
			productReference = 541FFCE321ABAC7200387259 /* EmojiArt-Document based.app */;
			productType = "com.apple.product-type.application";
		};
/* End PBXNativeTarget section */

/* Begin PBXProject section */
		541FFCDB21ABAC7200387259 /* Project object */ = {
			isa = PBXProject;
			attributes = {
				LastSwiftUpdateCheck = 1000;
				LastUpgradeCheck = 1000;
				ORGANIZATIONNAME = jiacheng;
				TargetAttributes = {
					541FFCE221ABAC7200387259 = {
						CreatedOnToolsVersion = 10.0;
					};
				};
			};
			buildConfigurationList = 541FFCDE21ABAC7200387259 /* Build configuration list for PBXProject "EmojiArt-Document based" */;
			compatibilityVersion = "Xcode 9.3";
			developmentRegion = en;
			hasScannedForEncodings = 0;
			knownRegions = (
				en,
				Base,
			);
			mainGroup = 541FFCDA21ABAC7200387259;
			productRefGroup = 541FFCE421ABAC7200387259 /* Products */;
			projectDirPath = "";
			projectRoot = "";
			targets = (
				541FFCE221ABAC7200387259 /* EmojiArt-Document based */,
			);
		};
/* End PBXProject section */

/* Begin PBXResourcesBuildPhase section */
		541FFCE121ABAC7200387259 /* Resources */ = {
			isa = PBXResourcesBuildPhase;
			buildActionMask = 2147483647;
			files = (
				541FFCF521ABAC7400387259 /* LaunchScreen.storyboard in Resources */,
				541FFCF221ABAC7400387259 /* Assets.xcassets in Resources */,
				541FFCF021ABAC7200387259 /* Main.storyboard in Resources */,
			);
			runOnlyForDeploymentPostprocessing = 0;
		};
/* End PBXResourcesBuildPhase section */

/* Begin PBXSourcesBuildPhase section */
		541FFCDF21ABAC7200387259 /* Sources */ = {
			isa = PBXSourcesBuildPhase;
			buildActionMask = 2147483647;
			files = (
				541FFD0621ABAE3E00387259 /* EmojiArt.swift in Sources */,
				541FFD0821ABAE3E00387259 /* EmojiArtView+Gestures.swift in Sources */,
				541FFD0721ABAE3E00387259 /* TextFieldCollectionViewCell.swift in Sources */,
				541FFCED21ABAC7200387259 /* EmojiArtDocument.swift in Sources */,
				541FFD0421ABAE3E00387259 /* EmojiArtViewController.swift in Sources */,
				541FFD0521ABAE3E00387259 /* EmojiCollectionViewCell.swift in Sources */,
				541FFCE921ABAC7200387259 /* DocumentBrowserViewController.swift in Sources */,
				541FFCE721ABAC7200387259 /* AppDelegate.swift in Sources */,
				541FFD0A21ABAE3E00387259 /* Utilities.swift in Sources */,
				541FFD0921ABAE3E00387259 /* EmojiArtView.swift in Sources */,
			);
			runOnlyForDeploymentPostprocessing = 0;
		};
/* End PBXSourcesBuildPhase section */

/* Begin PBXVariantGroup section */
		541FFCEE21ABAC7200387259 /* Main.storyboard */ = {
			isa = PBXVariantGroup;
			children = (
				541FFCEF21ABAC7200387259 /* Base */,
			);
			name = Main.storyboard;
			sourceTree = "<group>";
		};
		541FFCF321ABAC7400387259 /* LaunchScreen.storyboard */ = {
			isa = PBXVariantGroup;
			children = (
				541FFCF421ABAC7400387259 /* Base */,
			);
			name = LaunchScreen.storyboard;
			sourceTree = "<group>";
		};
/* End PBXVariantGroup section */

/* Begin XCBuildConfiguration section */
		541FFCF721ABAC7400387259 /* Debug */ = {
			isa = XCBuildConfiguration;
			buildSettings = {
				ALWAYS_SEARCH_USER_PATHS = NO;
				CLANG_ANALYZER_NONNULL = YES;
				CLANG_ANALYZER_NUMBER_OBJECT_CONVERSION = YES_AGGRESSIVE;
				CLANG_CXX_LANGUAGE_STANDARD = "gnu++14";
				CLANG_CXX_LIBRARY = "libc++";
				CLANG_ENABLE_MODULES = YES;
				CLANG_ENABLE_OBJC_ARC = YES;
				CLANG_ENABLE_OBJC_WEAK = YES;
				CLANG_WARN_BLOCK_CAPTURE_AUTORELEASING = YES;
				CLANG_WARN_BOOL_CONVERSION = YES;
				CLANG_WARN_COMMA = YES;
				CLANG_WARN_CONSTANT_CONVERSION = YES;
				CLANG_WARN_DEPRECATED_OBJC_IMPLEMENTATIONS = YES;
				CLANG_WARN_DIRECT_OBJC_ISA_USAGE = YES_ERROR;
				CLANG_WARN_DOCUMENTATION_COMMENTS = YES;
				CLANG_WARN_EMPTY_BODY = YES;
				CLANG_WARN_ENUM_CONVERSION = YES;
				CLANG_WARN_INFINITE_RECURSION = YES;
				CLANG_WARN_INT_CONVERSION = YES;
				CLANG_WARN_NON_LITERAL_NULL_CONVERSION = YES;
				CLANG_WARN_OBJC_IMPLICIT_RETAIN_SELF = YES;
				CLANG_WARN_OBJC_LITERAL_CONVERSION = YES;
				CLANG_WARN_OBJC_ROOT_CLASS = YES_ERROR;
				CLANG_WARN_RANGE_LOOP_ANALYSIS = YES;
				CLANG_WARN_STRICT_PROTOTYPES = YES;
				CLANG_WARN_SUSPICIOUS_MOVE = YES;
				CLANG_WARN_UNGUARDED_AVAILABILITY = YES_AGGRESSIVE;
				CLANG_WARN_UNREACHABLE_CODE = YES;
				CLANG_WARN__DUPLICATE_METHOD_MATCH = YES;
				CODE_SIGN_IDENTITY = "iPhone Developer";
				COPY_PHASE_STRIP = NO;
				DEBUG_INFORMATION_FORMAT = dwarf;
				ENABLE_STRICT_OBJC_MSGSEND = YES;
				ENABLE_TESTABILITY = YES;
				GCC_C_LANGUAGE_STANDARD = gnu11;
				GCC_DYNAMIC_NO_PIC = NO;
				GCC_NO_COMMON_BLOCKS = YES;
				GCC_OPTIMIZATION_LEVEL = 0;
				GCC_PREPROCESSOR_DEFINITIONS = (
					"DEBUG=1",
					"$(inherited)",
				);
				GCC_WARN_64_TO_32_BIT_CONVERSION = YES;
				GCC_WARN_ABOUT_RETURN_TYPE = YES_ERROR;
				GCC_WARN_UNDECLARED_SELECTOR = YES;
				GCC_WARN_UNINITIALIZED_AUTOS = YES_AGGRESSIVE;
				GCC_WARN_UNUSED_FUNCTION = YES;
				GCC_WARN_UNUSED_VARIABLE = YES;
				IPHONEOS_DEPLOYMENT_TARGET = 12.0;
				MTL_ENABLE_DEBUG_INFO = INCLUDE_SOURCE;
				MTL_FAST_MATH = YES;
				ONLY_ACTIVE_ARCH = YES;
				SDKROOT = iphoneos;
				SWIFT_ACTIVE_COMPILATION_CONDITIONS = DEBUG;
				SWIFT_OPTIMIZATION_LEVEL = "-Onone";
			};
			name = Debug;
		};
		541FFCF821ABAC7400387259 /* Release */ = {
			isa = XCBuildConfiguration;
			buildSettings = {
				ALWAYS_SEARCH_USER_PATHS = NO;
				CLANG_ANALYZER_NONNULL = YES;
				CLANG_ANALYZER_NUMBER_OBJECT_CONVERSION = YES_AGGRESSIVE;
				CLANG_CXX_LANGUAGE_STANDARD = "gnu++14";
				CLANG_CXX_LIBRARY = "libc++";
				CLANG_ENABLE_MODULES = YES;
				CLANG_ENABLE_OBJC_ARC = YES;
				CLANG_ENABLE_OBJC_WEAK = YES;
				CLANG_WARN_BLOCK_CAPTURE_AUTORELEASING = YES;
				CLANG_WARN_BOOL_CONVERSION = YES;
				CLANG_WARN_COMMA = YES;
				CLANG_WARN_CONSTANT_CONVERSION = YES;
				CLANG_WARN_DEPRECATED_OBJC_IMPLEMENTATIONS = YES;
				CLANG_WARN_DIRECT_OBJC_ISA_USAGE = YES_ERROR;
				CLANG_WARN_DOCUMENTATION_COMMENTS = YES;
				CLANG_WARN_EMPTY_BODY = YES;
				CLANG_WARN_ENUM_CONVERSION = YES;
				CLANG_WARN_INFINITE_RECURSION = YES;
				CLANG_WARN_INT_CONVERSION = YES;
				CLANG_WARN_NON_LITERAL_NULL_CONVERSION = YES;
				CLANG_WARN_OBJC_IMPLICIT_RETAIN_SELF = YES;
				CLANG_WARN_OBJC_LITERAL_CONVERSION = YES;
				CLANG_WARN_OBJC_ROOT_CLASS = YES_ERROR;
				CLANG_WARN_RANGE_LOOP_ANALYSIS = YES;
				CLANG_WARN_STRICT_PROTOTYPES = YES;
				CLANG_WARN_SUSPICIOUS_MOVE = YES;
				CLANG_WARN_UNGUARDED_AVAILABILITY = YES_AGGRESSIVE;
				CLANG_WARN_UNREACHABLE_CODE = YES;
				CLANG_WARN__DUPLICATE_METHOD_MATCH = YES;
				CODE_SIGN_IDENTITY = "iPhone Developer";
				COPY_PHASE_STRIP = NO;
				DEBUG_INFORMATION_FORMAT = "dwarf-with-dsym";
				ENABLE_NS_ASSERTIONS = NO;
				ENABLE_STRICT_OBJC_MSGSEND = YES;
				GCC_C_LANGUAGE_STANDARD = gnu11;
				GCC_NO_COMMON_BLOCKS = YES;
				GCC_WARN_64_TO_32_BIT_CONVERSION = YES;
				GCC_WARN_ABOUT_RETURN_TYPE = YES_ERROR;
				GCC_WARN_UNDECLARED_SELECTOR = YES;
				GCC_WARN_UNINITIALIZED_AUTOS = YES_AGGRESSIVE;
				GCC_WARN_UNUSED_FUNCTION = YES;
				GCC_WARN_UNUSED_VARIABLE = YES;
				IPHONEOS_DEPLOYMENT_TARGET = 12.0;
				MTL_ENABLE_DEBUG_INFO = NO;
				MTL_FAST_MATH = YES;
				SDKROOT = iphoneos;
				SWIFT_COMPILATION_MODE = wholemodule;
				SWIFT_OPTIMIZATION_LEVEL = "-O";
				VALIDATE_PRODUCT = YES;
			};
			name = Release;
		};
		541FFCFA21ABAC7400387259 /* Debug */ = {
			isa = XCBuildConfiguration;
			buildSettings = {
				ASSETCATALOG_COMPILER_APPICON_NAME = AppIcon;
				CODE_SIGN_STYLE = Automatic;
				DEVELOPMENT_TEAM = KJCZ3M9BA6;
				INFOPLIST_FILE = "EmojiArt-Document based/Info.plist";
				LD_RUNPATH_SEARCH_PATHS = (
					"$(inherited)",
					"@executable_path/Frameworks",
				);
				PRODUCT_BUNDLE_IDENTIFIER = "Jiacheng-Sun.EmojiArt-Document-based";
				PRODUCT_NAME = "$(TARGET_NAME)";
				SWIFT_VERSION = 4.2;
				TARGETED_DEVICE_FAMILY = "1,2";
			};
			name = Debug;
		};
		541FFCFB21ABAC7400387259 /* Release */ = {
			isa = XCBuildConfiguration;
			buildSettings = {
				ASSETCATALOG_COMPILER_APPICON_NAME = AppIcon;
				CODE_SIGN_STYLE = Automatic;
				DEVELOPMENT_TEAM = KJCZ3M9BA6;
				INFOPLIST_FILE = "EmojiArt-Document based/Info.plist";
				LD_RUNPATH_SEARCH_PATHS = (
					"$(inherited)",
					"@executable_path/Frameworks",
				);
				PRODUCT_BUNDLE_IDENTIFIER = "Jiacheng-Sun.EmojiArt-Document-based";
				PRODUCT_NAME = "$(TARGET_NAME)";
				SWIFT_VERSION = 4.2;
				TARGETED_DEVICE_FAMILY = "1,2";
			};
			name = Release;
		};
/* End XCBuildConfiguration section */

/* Begin XCConfigurationList section */
		541FFCDE21ABAC7200387259 /* Build configuration list for PBXProject "EmojiArt-Document based" */ = {
			isa = XCConfigurationList;
			buildConfigurations = (
				541FFCF721ABAC7400387259 /* Debug */,
				541FFCF821ABAC7400387259 /* Release */,
			);
			defaultConfigurationIsVisible = 0;
			defaultConfigurationName = Release;
		};
		541FFCF921ABAC7400387259 /* Build configuration list for PBXNativeTarget "EmojiArt-Document based" */ = {
			isa = XCConfigurationList;
			buildConfigurations = (
				541FFCFA21ABAC7400387259 /* Debug */,
				541FFCFB21ABAC7400387259 /* Release */,
			);
			defaultConfigurationIsVisible = 0;
			defaultConfigurationName = Release;
		};
/* End XCConfigurationList section */
	};
	rootObject = 541FFCDB21ABAC7200387259 /* Project object */;
}
